schema: '2.0'
stages:
  data_ingestion:
    cmd: python src/data/data_ingestion.py
    deps:
    - path: src/data/data_ingestion.py
      hash: md5
      md5: 6ca042f7f876e9e534b44c0207cb9843
      size: 7107
    outs:
    - path: data/raw/data_version_1.csv
      hash: md5
      md5: e30c5844d90b2146e1330d392db72fbe
      size: 1391074
  data_preprocessing:
    cmd: python src/data/data_preprocessing.py
    deps:
    - path: data/raw/data_version_1.csv
      hash: md5
      md5: e30c5844d90b2146e1330d392db72fbe
      size: 1391074
    - path: src/data/data_preprocessing.py
      hash: md5
      md5: cce8099f18594d90d36253dc7c98c754
      size: 10743
    outs:
    - path: data/processed/data_version_preprocessed.csv
      hash: md5
      md5: 0e25bd72929a8f403fba70fc6c867357
      size: 237176
  outlier:
    cmd: python src/data/outlier.py
    deps:
    - path: data/processed/data_version_preprocessed.csv
      hash: md5
      md5: 0e25bd72929a8f403fba70fc6c867357
      size: 237176
    - path: src/data/outlier.py
      hash: md5
      md5: 7d4cc0321dc5730d9f1b65bc44659ab5
      size: 7407
    outs:
    - path: data/processed/outlier_remove.csv
      hash: md5
      md5: 6e4dcf1205bbd06a6311190239f9e2f3
      size: 131109
  impute_missing_values:
    cmd: python src/data/impute_missing_values.py
    deps:
    - path: data/processed/outlier_remove.csv
      hash: md5
      md5: 6e4dcf1205bbd06a6311190239f9e2f3
      size: 131109
    - path: src/data/impute_missing_values.py
      hash: md5
      md5: f1329abf46b94dc4ab134969805efb1d
      size: 4617
    outs:
    - path: data/processed/imputed_data.csv
      hash: md5
      md5: c907e96608a91351dd4b36d324e01b61
      size: 131550
  build_features:
    cmd: python src/features/build_features.py
    deps:
    - path: data/processed/outlier_remove.csv
      hash: md5
      md5: 6e4dcf1205bbd06a6311190239f9e2f3
      size: 131109
    - path: src/features/build_features.py
      hash: md5
      md5: 50ab7626cc8307a44875f9f1be372e87
      size: 3586
    outs:
    - path: data/processed/feature_selection.csv
      hash: md5
      md5: bdea4c76489676024041c331497f5e34
      size: 47277
