schema: '2.0'
stages:
  data_ingestion:
    cmd: python src/data/data_ingestion.py
    deps:
    - path: src/data/data_ingestion.py
      hash: md5
      md5: 6ca042f7f876e9e534b44c0207cb9843
      size: 7107
    outs:
    - path: data/raw/data_version_1.csv
      hash: md5
      md5: e30c5844d90b2146e1330d392db72fbe
      size: 1391074
  data_preprocessing:
    cmd: python src/data/data_preprocessing.py
    deps:
    - path: data/raw/data_version_1.csv
      hash: md5
      md5: e30c5844d90b2146e1330d392db72fbe
      size: 1391074
    - path: src/data/data_preprocessing.py
      hash: md5
      md5: 3a1dd8673f85d576c5e389bd5f61f29d
      size: 10747
    outs:
    - path: data/processed/data_version_preprocessed.csv
      hash: md5
      md5: 0e25bd72929a8f403fba70fc6c867357
      size: 237176
  outlier:
    cmd: python src/data/outlier.py
    deps:
    - path: data/processed/data_version_preprocessed.csv
      hash: md5
      md5: 0e25bd72929a8f403fba70fc6c867357
      size: 237176
    - path: src/data/outlier.py
      hash: md5
      md5: 7da1f2a7dba62039742cdd760564b9b3
      size: 7396
    outs:
    - path: data/processed/outlier_remove.csv
      hash: md5
      md5: 6e4dcf1205bbd06a6311190239f9e2f3
      size: 131109
  impute_missing_values:
    cmd: python src/data/impute_missing_values.py
    deps:
    - path: data/processed/outlier_remove.csv
      hash: md5
      md5: 6e4dcf1205bbd06a6311190239f9e2f3
      size: 131109
    - path: src/data/impute_missing_values.py
      hash: md5
      md5: 7fd0744a6b2cd49e50429bd6936d35d6
      size: 4620
    outs:
    - path: data/processed/imputed_data.csv
      hash: md5
      md5: c907e96608a91351dd4b36d324e01b61
      size: 131550
  build_features:
    cmd: python src/features/build_features.py
    deps:
    - path: data/processed/imputed_data.csv
      hash: md5
      md5: c907e96608a91351dd4b36d324e01b61
      size: 131550
    - path: src/features/build_features.py
      hash: md5
      md5: dab1223c63e94e96b276b7c86bf8868f
      size: 4018
    outs:
    - path: data/processed/feature_selection.csv
      hash: md5
      md5: 18955ecabca04d205ec5d9a5acdf0ab2
      size: 47475
  train_model:
    cmd: python src/model/train_model.py
    deps:
    - path: data/processed/feature_selection.csv
      hash: md5
      md5: 18955ecabca04d205ec5d9a5acdf0ab2
      size: 47475
    - path: src/model/train_model.py
      hash: md5
      md5: c1f7fba8ef82f8955aa16482b55c3ddd
      size: 4872
    outs:
    - path: models/model.pkl
      hash: md5
      md5: f57f59785c2b3771a52b0f7d97b3345d
      size: 133480
  predict_model:
    cmd: python src/model/predict_model.py
    deps:
    - path: models/model.pkl
      hash: md5
      md5: f57f59785c2b3771a52b0f7d97b3345d
      size: 133480
    - path: src/model/predict_model.py
      hash: md5
      md5: a0d7832003b3bcdd4d9497edebdbac97
      size: 4053
    outs:
    - path: reports/metrics.json
      hash: md5
      md5: 00ca8b96ee58d7bbd2526a9241445537
      size: 135
